
Microsoft Visual Studio Solution File, Format Version 12.00
# Visual Studio 15
VisualStudioVersion = 15.0.27703.2018
MinimumVisualStudioVersion = 10.0.40219.1
Project("{FAE04EC0-301F-11D3-BF4B-00C04F79EFBC}") = "hello world", "hello world\hello world.csproj", "{DA702B84-8BD3-47FD-A9D7-039B2F18D64E}"
EndProject
Global
	GlobalSection(SolutionConfigurationPlatforms) = preSolution
		Debug|Any CPU = Debug|Any CPU
		Release|Any CPU = Release|Any CPU
	EndGlobalSection
	GlobalSection(ProjectConfigurationPlatforms) = postSolution
		{DA702B84-8BD3-47FD-A9D7-039B2F18D64E}.Debug|Any CPU.ActiveCfg = Debug|Any CPU
		{DA702B84-8BD3-47FD-A9D7-039B2F18D64E}.Debug|Any CPU.Build.0 = Debug|Any CPU
		{DA702B84-8BD3-47FD-A9D7-039B2F18D64E}.Release|Any CPU.ActiveCfg = Release|Any CPU
		{DA702B84-8BD3-47FD-A9D7-039B2F18D64E}.Release|Any CPU.Build.0 = Release|Any CPU
	EndGlobalSection
	GlobalSection(SolutionProperties) = preSolution
		HideSolutionNode = FALSE
	EndGlobalSection
	GlobalSection(ExtensibilityGlobals) = postSolution
		SolutionGuid = {4C9989D2-E144-4590-B5C1-FD4738073DA8}
	EndGlobalSection
EndGlobal
